// !$*UTF8*$!
{
	archiveVersion = 1;
	classes = {
	};
	objectVersion = 70;
	objects = {

/* Begin PBXBuildFile section */
		A10001 /* WeVibeApp.swift in Sources */ = {isa = PBXBuildFile; fileRef = B10001 /* WeVibeApp.swift */; };
		A10002 /* SplashScreen.swift in Sources */ = {isa = PBXBuildFile; fileRef = B10002 /* SplashScreen.swift */; };
		A10004 /* Theme.swift in Sources */ = {isa = PBXBuildFile; fileRef = B10004 /* Theme.swift */; };
		A10005 /* LogoView.swift in Sources */ = {isa = PBXBuildFile; fileRef = B10005 /* LogoView.swift */; };
		A10007 /* Assets.xcassets in Resources */ = {isa = PBXBuildFile; fileRef = B10007 /* Assets.xcassets */; };
		A10008 /* Preview Assets.xcassets in Resources */ = {isa = PBXBuildFile; fileRef = B10008 /* Preview Assets.xcassets */; };
		A38BAAB32F45314E00E908DB /* LoginScreen.swift in Sources */ = {isa = PBXBuildFile; fileRef = A38BAAB22F45314900E908DB /* LoginScreen.swift */; };
		A38BAAC02F45432900E908DB /* TextFieldView.swift in Sources */ = {isa = PBXBuildFile; fileRef = A38BAABF2F45432500E908DB /* TextFieldView.swift */; };
		A38BAAC62F46E00900E908DB /* RegisterScreen.swift in Sources */ = {isa = PBXBuildFile; fileRef = A38BAAC52F46DFFF00E908DB /* RegisterScreen.swift */; };
		A38BAAC82F46FC1700E908DB /* ConfirmScreen.swift in Sources */ = {isa = PBXBuildFile; fileRef = A38BAAC72F46FC0F00E908DB /* ConfirmScreen.swift */; };
		A38BAACA2F478AAA00E908DB /* ThankAndBegin.swift in Sources */ = {isa = PBXBuildFile; fileRef = A38BAAC92F478AA100E908DB /* ThankAndBegin.swift */; };
		A38BAAD02F47B6AA00E908DB /* SurveyStep1.swift in Sources */ = {isa = PBXBuildFile; fileRef = A38BAACF2F47B6A600E908DB /* SurveyStep1.swift */; };
		A38BAAD22F47B6B200E908DB /* SurveyStep2.swift in Sources */ = {isa = PBXBuildFile; fileRef = A38BAAD12F47B6AE00E908DB /* SurveyStep2.swift */; };
		A38BAAD42F47B6BB00E908DB /* SurveyStep3.swift in Sources */ = {isa = PBXBuildFile; fileRef = A38BAAD32F47B6B600E908DB /* SurveyStep3.swift */; };
		A38BAAE22F47CD9700E908DB /* ProgressBarView.swift in Sources */ = {isa = PBXBuildFile; fileRef = A38BAAE12F47CD9200E908DB /* ProgressBarView.swift */; };
		A38BAAE42F47CE1800E908DB /* EthnicityChip.swift in Sources */ = {isa = PBXBuildFile; fileRef = A38BAAE32F47CE1200E908DB /* EthnicityChip.swift */; };
		A38BAAEA2F47CE9900E908DB /* FlowLayout.swift in Sources */ = {isa = PBXBuildFile; fileRef = A38BAAE92F47CE9900E908DB /* FlowLayout.swift */; };
		A38BAAEC2F47CEDE00E908DB /* DatePartField.swift in Sources */ = {isa = PBXBuildFile; fileRef = A38BAAEB2F47CED700E908DB /* DatePartField.swift */; };
		A38BAB272F47E10500E908DB /* GenderCheckbox.swift in Sources */ = {isa = PBXBuildFile; fileRef = A38BAB262F47E10000E908DB /* GenderCheckbox.swift */; };
		A38BAB292F47E13100E908DB /* GoalCheckbox.swift in Sources */ = {isa = PBXBuildFile; fileRef = A38BAB282F47E12D00E908DB /* GoalCheckbox.swift */; };
		A38BAB2B2F47E16200E908DB /* DualSlider.swift in Sources */ = {isa = PBXBuildFile; fileRef = A38BAB2A2F47E16000E908DB /* DualSlider.swift */; };
		A38BAB2D2F47E68D00E908DB /* HabitSection.swift in Sources */ = {isa = PBXBuildFile; fileRef = A38BAB2C2F47E68500E908DB /* HabitSection.swift */; };
		A38BAB2F2F47E71100E908DB /* SurveyStep4.swift in Sources */ = {isa = PBXBuildFile; fileRef = A38BAB2E2F47E70E00E908DB /* SurveyStep4.swift */; };
		A38BAB672F4820F000E908DB /* SurveyStep5.swift in Sources */ = {isa = PBXBuildFile; fileRef = A38BAB662F4820EB00E908DB /* SurveyStep5.swift */; };
		A38BAB692F48215C00E908DB /* PromptField.swift in Sources */ = {isa = PBXBuildFile; fileRef = A38BAB682F48215500E908DB /* PromptField.swift */; };
/* End PBXBuildFile section */

/* Begin PBXFileReference section */
		A38BAAB22F45314900E908DB /* LoginScreen.swift */ = {isa = PBXFileReference; lastKnownFileType = sourcecode.swift; path = LoginScreen.swift; sourceTree = "<group>"; };
		A38BAABF2F45432500E908DB /* TextFieldView.swift */ = {isa = PBXFileReference; lastKnownFileType = sourcecode.swift; path = TextFieldView.swift; sourceTree = "<group>"; };
		A38BAAC52F46DFFF00E908DB /* RegisterScreen.swift */ = {isa = PBXFileReference; lastKnownFileType = sourcecode.swift; path = RegisterScreen.swift; sourceTree = "<group>"; };
		A38BAAC72F46FC0F00E908DB /* ConfirmScreen.swift */ = {isa = PBXFileReference; lastKnownFileType = sourcecode.swift; path = ConfirmScreen.swift; sourceTree = "<group>"; };
		A38BAAC92F478AA100E908DB /* ThankAndBegin.swift */ = {isa = PBXFileReference; lastKnownFileType = sourcecode.swift; path = ThankAndBegin.swift; sourceTree = "<group>"; };
		A38BAACF2F47B6A600E908DB /* SurveyStep1.swift */ = {isa = PBXFileReference; lastKnownFileType = sourcecode.swift; path = SurveyStep1.swift; sourceTree = "<group>"; };
		A38BAAD12F47B6AE00E908DB /* SurveyStep2.swift */ = {isa = PBXFileReference; lastKnownFileType = sourcecode.swift; path = SurveyStep2.swift; sourceTree = "<group>"; };
		A38BAAD32F47B6B600E908DB /* SurveyStep3.swift */ = {isa = PBXFileReference; lastKnownFileType = sourcecode.swift; path = SurveyStep3.swift; sourceTree = "<group>"; };
		A38BAAE12F47CD9200E908DB /* ProgressBarView.swift */ = {isa = PBXFileReference; lastKnownFileType = sourcecode.swift; path = ProgressBarView.swift; sourceTree = "<group>"; };
		A38BAAE32F47CE1200E908DB /* EthnicityChip.swift */ = {isa = PBXFileReference; lastKnownFileType = sourcecode.swift; path = EthnicityChip.swift; sourceTree = "<group>"; };
		A38BAAE92F47CE9900E908DB /* FlowLayout.swift */ = {isa = PBXFileReference; lastKnownFileType = sourcecode.swift; path = FlowLayout.swift; sourceTree = "<group>"; };
		A38BAAEB2F47CED700E908DB /* DatePartField.swift */ = {isa = PBXFileReference; lastKnownFileType = sourcecode.swift; path = DatePartField.swift; sourceTree = "<group>"; };
		A38BAB262F47E10000E908DB /* GenderCheckbox.swift */ = {isa = PBXFileReference; lastKnownFileType = sourcecode.swift; path = GenderCheckbox.swift; sourceTree = "<group>"; };
		A38BAB282F47E12D00E908DB /* GoalCheckbox.swift */ = {isa = PBXFileReference; lastKnownFileType = sourcecode.swift; path = GoalCheckbox.swift; sourceTree = "<group>"; };
		A38BAB2A2F47E16000E908DB /* DualSlider.swift */ = {isa = PBXFileReference; lastKnownFileType = sourcecode.swift; path = DualSlider.swift; sourceTree = "<group>"; };
		A38BAB2C2F47E68500E908DB /* HabitSection.swift */ = {isa = PBXFileReference; lastKnownFileType = sourcecode.swift; path = HabitSection.swift; sourceTree = "<group>"; };
		A38BAB2E2F47E70E00E908DB /* SurveyStep4.swift */ = {isa = PBXFileReference; lastKnownFileType = sourcecode.swift; path = SurveyStep4.swift; sourceTree = "<group>"; };
		A38BAB662F4820EB00E908DB /* SurveyStep5.swift */ = {isa = PBXFileReference; lastKnownFileType = sourcecode.swift; path = SurveyStep5.swift; sourceTree = "<group>"; };
		A38BAB682F48215500E908DB /* PromptField.swift */ = {isa = PBXFileReference; lastKnownFileType = sourcecode.swift; path = PromptField.swift; sourceTree = "<group>"; };
		B10001 /* WeVibeApp.swift */ = {isa = PBXFileReference; lastKnownFileType = sourcecode.swift; path = WeVibeApp.swift; sourceTree = "<group>"; };
		B10002 /* SplashScreen.swift */ = {isa = PBXFileReference; lastKnownFileType = sourcecode.swift; path = SplashScreen.swift; sourceTree = "<group>"; };
		B10004 /* Theme.swift */ = {isa = PBXFileReference; lastKnownFileType = sourcecode.swift; path = Theme.swift; sourceTree = "<group>"; };
		B10005 /* LogoView.swift */ = {isa = PBXFileReference; lastKnownFileType = sourcecode.swift; path = LogoView.swift; sourceTree = "<group>"; };
		B10007 /* Assets.xcassets */ = {isa = PBXFileReference; lastKnownFileType = folder.assetcatalog; path = Assets.xcassets; sourceTree = "<group>"; };
		B10008 /* Preview Assets.xcassets */ = {isa = PBXFileReference; lastKnownFileType = folder.assetcatalog; path = "Preview Assets.xcassets"; sourceTree = "<group>"; };
		C10001 /* WeVibe.app */ = {isa = PBXFileReference; explicitFileType = wrapper.application; includeInIndex = 0; path = WeVibe.app; sourceTree = BUILT_PRODUCTS_DIR; };
/* End PBXFileReference section */

/* Begin PBXFileSystemSynchronizedRootGroup section */
		A38BAAB62F45367000E908DB /* Services */ = {isa = PBXFileSystemSynchronizedRootGroup; explicitFileTypes = {}; explicitFolders = (); path = Services; sourceTree = "<group>"; };
/* End PBXFileSystemSynchronizedRootGroup section */

/* Begin PBXFrameworksBuildPhase section */
		D10001 /* Frameworks */ = {
			isa = PBXFrameworksBuildPhase;
			buildActionMask = 2147483647;
			files = (
			);
			runOnlyForDeploymentPostprocessing = 0;
		};
/* End PBXFrameworksBuildPhase section */

/* Begin PBXGroup section */
		E10001 = {
			isa = PBXGroup;
			children = (
				E10002 /* WeVibe */,
				E10006 /* Products */,
			);
			sourceTree = "<group>";
		};
		E10002 /* WeVibe */ = {
			isa = PBXGroup;
			children = (
				A38BAAB62F45367000E908DB /* Services */,
				E10003 /* App */,
				E10004 /* Views */,
				E10005 /* Components */,
				B10007 /* Assets.xcassets */,
				E10007 /* Preview Content */,
			);
			path = WeVibe;
			sourceTree = "<group>";
		};
		E10003 /* App */ = {
			isa = PBXGroup;
			children = (
				B10001 /* WeVibeApp.swift */,
				B10004 /* Theme.swift */,
			);
			path = App;
			sourceTree = "<group>";
		};
		E10004 /* Views */ = {
			isa = PBXGroup;
			children = (
				A38BAB662F4820EB00E908DB /* SurveyStep5.swift */,
				A38BAB2E2F47E70E00E908DB /* SurveyStep4.swift */,
				A38BAAD32F47B6B600E908DB /* SurveyStep3.swift */,
				A38BAAD12F47B6AE00E908DB /* SurveyStep2.swift */,
				A38BAACF2F47B6A600E908DB /* SurveyStep1.swift */,
				A38BAAC92F478AA100E908DB /* ThankAndBegin.swift */,
				A38BAAC72F46FC0F00E908DB /* ConfirmScreen.swift */,
				A38BAAC52F46DFFF00E908DB /* RegisterScreen.swift */,
				A38BAAB22F45314900E908DB /* LoginScreen.swift */,
				B10002 /* SplashScreen.swift */,
			);
			path = Views;
			sourceTree = "<group>";
		};
		E10005 /* Components */ = {
			isa = PBXGroup;
			children = (
				A38BAB682F48215500E908DB /* PromptField.swift */,
				A38BAB2C2F47E68500E908DB /* HabitSection.swift */,
				A38BAB2A2F47E16000E908DB /* DualSlider.swift */,
				A38BAB282F47E12D00E908DB /* GoalCheckbox.swift */,
				A38BAB262F47E10000E908DB /* GenderCheckbox.swift */,
				A38BAAEB2F47CED700E908DB /* DatePartField.swift */,
				A38BAAE92F47CE9900E908DB /* FlowLayout.swift */,
				A38BAAE32F47CE1200E908DB /* EthnicityChip.swift */,
				A38BAAE12F47CD9200E908DB /* ProgressBarView.swift */,
				A38BAABF2F45432500E908DB /* TextFieldView.swift */,
				B10005 /* LogoView.swift */,
			);
			path = Components;
			sourceTree = "<group>";
		};
		E10006 /* Products */ = {
			isa = PBXGroup;
			children = (
				C10001 /* WeVibe.app */,
			);
			name = Products;
			sourceTree = "<group>";
		};
		E10007 /* Preview Content */ = {
			isa = PBXGroup;
			children = (
				B10008 /* Preview Assets.xcassets */,
			);
			path = "Preview Content";
			sourceTree = "<group>";
		};
/* End PBXGroup section */

/* Begin PBXNativeTarget section */
		F10001 /* WeVibe */ = {
			isa = PBXNativeTarget;
			buildConfigurationList = G10003 /* Build configuration list for PBXNativeTarget "WeVibe" */;
			buildPhases = (
				F10002 /* Sources */,
				D10001 /* Frameworks */,
				F10003 /* Resources */,
			);
			buildRules = (
			);
			dependencies = (
			);
			fileSystemSynchronizedGroups = (
				A38BAAB62F45367000E908DB /* Services */,
			);
			name = WeVibe;
			packageProductDependencies = (
			);
			productName = WeVibe;
			productReference = C10001 /* WeVibe.app */;
			productType = "com.apple.product-type.application";
		};
/* End PBXNativeTarget section */

/* Begin PBXProject section */
		H10001 /* Project object */ = {
			isa = PBXProject;
			attributes = {
				BuildIndependentTargetsInParallel = 1;
				LastSwiftUpdateCheck = 1500;
				LastUpgradeCheck = 1500;
				TargetAttributes = {
					F10001 = {
						CreatedOnToolsVersion = 15.0;
					};
				};
			};
			buildConfigurationList = G10001 /* Build configuration list for PBXProject "WeVibe" */;
			compatibilityVersion = "Xcode 14.0";
			developmentRegion = en;
			hasScannedForEncodings = 0;
			knownRegions = (
				en,
				Base,
			);
			mainGroup = E10001;
			packageReferences = (
			);
			productRefGroup = E10006 /* Products */;
			projectDirPath = "";
			projectRoot = "";
			targets = (
				F10001 /* WeVibe */,
			);
		};
/* End PBXProject section */

/* Begin PBXResourcesBuildPhase section */
		F10003 /* Resources */ = {
			isa = PBXResourcesBuildPhase;
			buildActionMask = 2147483647;
			files = (
				A10007 /* Assets.xcassets in Resources */,
				A10008 /* Preview Assets.xcassets in Resources */,
			);
			runOnlyForDeploymentPostprocessing = 0;
		};
/* End PBXResourcesBuildPhase section */

/* Begin PBXSourcesBuildPhase section */
		F10002 /* Sources */ = {
			isa = PBXSourcesBuildPhase;
			buildActionMask = 2147483647;
			files = (
				A38BAB2B2F47E16200E908DB /* DualSlider.swift in Sources */,
				A38BAACA2F478AAA00E908DB /* ThankAndBegin.swift in Sources */,
				A38BAAC82F46FC1700E908DB /* ConfirmScreen.swift in Sources */,
				A10001 /* WeVibeApp.swift in Sources */,
				A38BAAE42F47CE1800E908DB /* EthnicityChip.swift in Sources */,
				A38BAAD02F47B6AA00E908DB /* SurveyStep1.swift in Sources */,
				A38BAAEC2F47CEDE00E908DB /* DatePartField.swift in Sources */,
				A38BAB692F48215C00E908DB /* PromptField.swift in Sources */,
				A38BAB2F2F47E71100E908DB /* SurveyStep4.swift in Sources */,
				A38BAAE22F47CD9700E908DB /* ProgressBarView.swift in Sources */,
				A10002 /* SplashScreen.swift in Sources */,
				A38BAB272F47E10500E908DB /* GenderCheckbox.swift in Sources */,
				A38BAAC02F45432900E908DB /* TextFieldView.swift in Sources */,
				A38BAAD22F47B6B200E908DB /* SurveyStep2.swift in Sources */,
				A38BAAD42F47B6BB00E908DB /* SurveyStep3.swift in Sources */,
				A38BAAC62F46E00900E908DB /* RegisterScreen.swift in Sources */,
				A38BAAEA2F47CE9900E908DB /* FlowLayout.swift in Sources */,
				A10004 /* Theme.swift in Sources */,
				A38BAB2D2F47E68D00E908DB /* HabitSection.swift in Sources */,
				A10005 /* LogoView.swift in Sources */,
				A38BAB672F4820F000E908DB /* SurveyStep5.swift in Sources */,
				A38BAAB32F45314E00E908DB /* LoginScreen.swift in Sources */,
				A38BAB292F47E13100E908DB /* GoalCheckbox.swift in Sources */,
			);
			runOnlyForDeploymentPostprocessing = 0;
		};
/* End PBXSourcesBuildPhase section */

/* Begin XCBuildConfiguration section */
		G10002 /* Debug */ = {
			isa = XCBuildConfiguration;
			buildSettings = {
				ALWAYS_SEARCH_USER_PATHS = NO;
				ASSETCATALOG_COMPILER_GENERATE_SWIFT_ASSET_SYMBOL_EXTENSIONS = YES;
				CLANG_ANALYZER_NONNULL = YES;
				CLANG_CXX_LANGUAGE_STANDARD = "gnu++20";
				CLANG_ENABLE_MODULES = YES;
				CLANG_ENABLE_OBJC_ARC = YES;
				COPY_PHASE_STRIP = NO;
				DEBUG_INFORMATION_FORMAT = dwarf;
				ENABLE_STRICT_OBJC_MSGSEND = YES;
				ENABLE_TESTABILITY = YES;
				GCC_DYNAMIC_NO_PIC = NO;
				GCC_OPTIMIZATION_LEVEL = 0;
				GCC_PREPROCESSOR_DEFINITIONS = (
					"DEBUG=1",
					"$(inherited)",
				);
				GCC_WARN_ABOUT_RETURN_TYPE = YES_ERROR;
				GCC_WARN_UNINITIALIZED_AUTOS = YES_AGGRESSIVE;
				IPHONEOS_DEPLOYMENT_TARGET = 17.0;
				MTL_ENABLE_DEBUG_INFO = INCLUDE_SOURCE;
				MTL_FAST_MATH = YES;
				ONLY_ACTIVE_ARCH = YES;
				SDKROOT = iphoneos;
				SWIFT_ACTIVE_COMPILATION_CONDITIONS = "DEBUG $(inherited)";
				SWIFT_OPTIMIZATION_LEVEL = "-Onone";
			};
			name = Debug;
		};
		G10004 /* Release */ = {
			isa = XCBuildConfiguration;
			buildSettings = {
				ALWAYS_SEARCH_USER_PATHS = NO;
				ASSETCATALOG_COMPILER_GENERATE_SWIFT_ASSET_SYMBOL_EXTENSIONS = YES;
				CLANG_ANALYZER_NONNULL = YES;
				CLANG_CXX_LANGUAGE_STANDARD = "gnu++20";
				CLANG_ENABLE_MODULES = YES;
				CLANG_ENABLE_OBJC_ARC = YES;
				COPY_PHASE_STRIP = NO;
				DEBUG_INFORMATION_FORMAT = "dwarf-with-dsym";
				ENABLE_NS_ASSERTIONS = NO;
				ENABLE_STRICT_OBJC_MSGSEND = YES;
				GCC_WARN_ABOUT_RETURN_TYPE = YES_ERROR;
				GCC_WARN_UNINITIALIZED_AUTOS = YES_AGGRESSIVE;
				IPHONEOS_DEPLOYMENT_TARGET = 17.0;
				MTL_ENABLE_DEBUG_INFO = NO;
				MTL_FAST_MATH = YES;
				SDKROOT = iphoneos;
				SWIFT_COMPILATION_MODE = wholemodule;
				VALIDATE_PRODUCT = YES;
			};
			name = Release;
		};
		G10005 /* Debug */ = {
			isa = XCBuildConfiguration;
			buildSettings = {
				ASSETCATALOG_COMPILER_APPICON_NAME = AppIcon;
				ASSETCATALOG_COMPILER_GLOBAL_ACCENT_COLOR_NAME = AccentColor;
				CODE_SIGN_IDENTITY = "Apple Development";
				CODE_SIGN_STYLE = Automatic;
				CURRENT_PROJECT_VERSION = 1;
				DEVELOPMENT_ASSET_PATHS = "\"WeVibe/Preview Content\"";
				DEVELOPMENT_TEAM = 9JMK2ZH93W;
				ENABLE_PREVIEWS = YES;
				GENERATE_INFOPLIST_FILE = YES;
				INFOPLIST_FILE = WeVibe/Info.plist;
				INFOPLIST_KEY_CFBundleDisplayName = WeVibe;
				INFOPLIST_KEY_UIApplicationSceneManifest_Generation = YES;
				INFOPLIST_KEY_UIApplicationSupportsIndirectInputEvents = YES;
				INFOPLIST_KEY_UISupportedInterfaceOrientations_iPad = "UIInterfaceOrientationPortrait UIInterfaceOrientationPortraitUpsideDown UIInterfaceOrientationLandscapeLeft UIInterfaceOrientationLandscapeRight";
				INFOPLIST_KEY_UISupportedInterfaceOrientations_iPhone = UIInterfaceOrientationPortrait;
				IPHONEOS_DEPLOYMENT_TARGET = 17.6;
				LD_RUNPATH_SEARCH_PATHS = (
					"$(inherited)",
					"@executable_path/Frameworks",
				);
				MARKETING_VERSION = 1.0;
				PRODUCT_BUNDLE_IDENTIFIER = com.wevibe1.app;
				PRODUCT_NAME = "$(TARGET_NAME)";
				PROVISIONING_PROFILE_SPECIFIER = "";
				SUPPORTED_PLATFORMS = "iphoneos iphonesimulator";
				SUPPORTS_MACCATALYST = NO;
				SWIFT_EMIT_LOC_STRINGS = YES;
				SWIFT_VERSION = 5.0;
				TARGETED_DEVICE_FAMILY = "1,2";
			};
			name = Debug;
		};
		G10006 /* Release */ = {
			isa = XCBuildConfiguration;
			buildSettings = {
				ASSETCATALOG_COMPILER_APPICON_NAME = AppIcon;
				ASSETCATALOG_COMPILER_GLOBAL_ACCENT_COLOR_NAME = AccentColor;
				CODE_SIGN_IDENTITY = "Apple Development";
				CODE_SIGN_STYLE = Automatic;
				CURRENT_PROJECT_VERSION = 1;
				DEVELOPMENT_ASSET_PATHS = "\"WeVibe/Preview Content\"";
				DEVELOPMENT_TEAM = 9JMK2ZH93W;
				ENABLE_PREVIEWS = YES;
				GENERATE_INFOPLIST_FILE = YES;
				INFOPLIST_FILE = WeVibe/Info.plist;
				INFOPLIST_KEY_CFBundleDisplayName = WeVibe;
				INFOPLIST_KEY_UIApplicationSceneManifest_Generation = YES;
				INFOPLIST_KEY_UIApplicationSupportsIndirectInputEvents = YES;
				INFOPLIST_KEY_UISupportedInterfaceOrientations_iPad = "UIInterfaceOrientationPortrait UIInterfaceOrientationPortraitUpsideDown UIInterfaceOrientationLandscapeLeft UIInterfaceOrientationLandscapeRight";
				INFOPLIST_KEY_UISupportedInterfaceOrientations_iPhone = UIInterfaceOrientationPortrait;
				IPHONEOS_DEPLOYMENT_TARGET = 17.6;
				LD_RUNPATH_SEARCH_PATHS = (
					"$(inherited)",
					"@executable_path/Frameworks",
				);
				MARKETING_VERSION = 1.0;
				PRODUCT_BUNDLE_IDENTIFIER = com.wevibe1.app;
				PRODUCT_NAME = "$(TARGET_NAME)";
				PROVISIONING_PROFILE_SPECIFIER = "";
				SUPPORTED_PLATFORMS = "iphoneos iphonesimulator";
				SUPPORTS_MACCATALYST = NO;
				SWIFT_EMIT_LOC_STRINGS = YES;
				SWIFT_VERSION = 5.0;
				TARGETED_DEVICE_FAMILY = "1,2";
			};
			name = Release;
		};
/* End XCBuildConfiguration section */

/* Begin XCConfigurationList section */
		G10001 /* Build configuration list for PBXProject "WeVibe" */ = {
			isa = XCConfigurationList;
			buildConfigurations = (
				G10002 /* Debug */,
				G10004 /* Release */,
			);
			defaultConfigurationIsVisible = 0;
			defaultConfigurationName = Release;
		};
		G10003 /* Build configuration list for PBXNativeTarget "WeVibe" */ = {
			isa = XCConfigurationList;
			buildConfigurations = (
				G10005 /* Debug */,
				G10006 /* Release */,
			);
			defaultConfigurationIsVisible = 0;
			defaultConfigurationName = Release;
		};
/* End XCConfigurationList section */
	};
	rootObject = H10001 /* Project object */;
}
